
Microsoft Visual Studio Solution File, Format Version 12.00
# Visual Studio Version 17
VisualStudioVersion = 17.8.35931.193
MinimumVisualStudioVersion = 10.0.40219.1
Project("{FAE04EC0-301F-11D3-BF4B-00C04F79EFBC}") = "InvascanWin", "InvascanWin\InvascanWin.csproj", "{0F578158-6765-4A36-84EE-76218DFFED13}"
EndProject
Global
	GlobalSection(SolutionConfigurationPlatforms) = preSolution
		Debug|Any CPU = Debug|Any CPU
		Release|Any CPU = Release|Any CPU
	EndGlobalSection
	GlobalSection(ProjectConfigurationPlatforms) = postSolution
		{0F578158-6765-4A36-84EE-76218DFFED13}.Debug|Any CPU.ActiveCfg = Debug|Any CPU
		{0F578158-6765-4A36-84EE-76218DFFED13}.Debug|Any CPU.Build.0 = Debug|Any CPU
		{0F578158-6765-4A36-84EE-76218DFFED13}.Release|Any CPU.ActiveCfg = Release|Any CPU
		{0F578158-6765-4A36-84EE-76218DFFED13}.Release|Any CPU.Build.0 = Release|Any CPU
	EndGlobalSection
	GlobalSection(SolutionProperties) = preSolution
		HideSolutionNode = FALSE
	EndGlobalSection
	GlobalSection(ExtensibilityGlobals) = postSolution
		SolutionGuid = {D3CC1C44-233E-43E4-A2F5-F6A9F3C17621}
	EndGlobalSection
EndGlobal
